
Microsoft Visual Studio Solution File, Format Version 12.00
# Visual Studio Version 17
VisualStudioVersion = 17.13.36105.23 d17.13
MinimumVisualStudioVersion = 10.0.40219.1
Project("{FAE04EC0-301F-11D3-BF4B-00C04F79EFBC}") = "WebForm", "WebForm\WebForm.csproj", "{5E74A6FE-3522-417B-B93A-E0168BA51E1D}"
EndProject
Global
	GlobalSection(SolutionConfigurationPlatforms) = preSolution
		Debug|Any CPU = Debug|Any CPU
		Release|Any CPU = Release|Any CPU
	EndGlobalSection
	GlobalSection(ProjectConfigurationPlatforms) = postSolution
		{5E74A6FE-3522-417B-B93A-E0168BA51E1D}.Debug|Any CPU.ActiveCfg = Debug|Any CPU
		{5E74A6FE-3522-417B-B93A-E0168BA51E1D}.Debug|Any CPU.Build.0 = Debug|Any CPU
		{5E74A6FE-3522-417B-B93A-E0168BA51E1D}.Release|Any CPU.ActiveCfg = Release|Any CPU
		{5E74A6FE-3522-417B-B93A-E0168BA51E1D}.Release|Any CPU.Build.0 = Release|Any CPU
	EndGlobalSection
	GlobalSection(SolutionProperties) = preSolution
		HideSolutionNode = FALSE
	EndGlobalSection
	GlobalSection(ExtensibilityGlobals) = postSolution
		SolutionGuid = {5A2A0A3D-5F4B-4004-8275-9FE0EF0EB4AD}
	EndGlobalSection
EndGlobal
